{
  "name": "punto-arcilla-back",
  "version": "1.0.0",
  "lockfileVersion": 3,
  "requires": true,
  "packages": {
    "": {
      "name": "punto-arcilla-back",
      "version": "1.0.0",
      "license": "ISC",
      "dependencies": {
        "punto-arcilla-back": "file:"
      }
    },
    "node_modules/punto-arcilla-back": {
      "resolved": "",
      "link": true
    }
  }
}
